<Solution>
  <Project Path="src/Agent/Agent.csproj" />
  <Folder Name="/tools/ClaudeCode/">
    <File Path="tools/ClaudeCode/package.json" />
    <File Path="tools/ClaudeCode/package-lock.json" />
    <File Path="tools/ClaudeCode/tsconfig.json" />
    <File Path="tools/ClaudeCode/src/index.ts" />
    <File Path="tools/ClaudeCode/src/protocol.ts" />
  </Folder>
  <Folder Name="/tools/Codex/">
    <File Path="tools/Codex/package.json" />
    <File Path="tools/Codex/tsconfig.json" />
    <File Path="tools/Codex/src/index.ts" />
    <File Path="tools/Codex/src/protocol.ts" />
  </Folder>
</Solution>
